// !$*UTF8*$!
{
	archiveVersion = 1;
	classes = {
	};
	objectVersion = 51;
	objects = {

/* Begin PBXBuildFile section */
		22A2F24E49188B4D89C4B5F2 /* Pods_GHActionsTest.framework in Frameworks */ = {isa = PBXBuildFile; fileRef = C6E015FCE827CE58ACCF27D9 /* Pods_GHActionsTest.framework */; };
		83D910924F7AFFEC6D489E42 /* Pods_GHActionsTestUITests.framework in Frameworks */ = {isa = PBXBuildFile; fileRef = 68431E8ED5CFD8783E1B7102 /* Pods_GHActionsTestUITests.framework */; };
		8EECE1EB25D4A00C00FE117C /* AppDelegate.swift in Sources */ = {isa = PBXBuildFile; fileRef = 8EECE1EA25D4A00C00FE117C /* AppDelegate.swift */; };
		8EECE1ED25D4A00C00FE117C /* SceneDelegate.swift in Sources */ = {isa = PBXBuildFile; fileRef = 8EECE1EC25D4A00C00FE117C /* SceneDelegate.swift */; };
		8EECE1EF25D4A00C00FE117C /* ContentView.swift in Sources */ = {isa = PBXBuildFile; fileRef = 8EECE1EE25D4A00C00FE117C /* ContentView.swift */; };
		8EECE1F125D4A00F00FE117C /* Assets.xcassets in Resources */ = {isa = PBXBuildFile; fileRef = 8EECE1F025D4A00F00FE117C /* Assets.xcassets */; };
		8EECE1F425D4A00F00FE117C /* Preview Assets.xcassets in Resources */ = {isa = PBXBuildFile; fileRef = 8EECE1F325D4A00F00FE117C /* Preview Assets.xcassets */; };
		8EECE1F725D4A00F00FE117C /* LaunchScreen.storyboard in Resources */ = {isa = PBXBuildFile; fileRef = 8EECE1F525D4A00F00FE117C /* LaunchScreen.storyboard */; };
		8EECE20225D4A00F00FE117C /* GHActionsTestTests.swift in Sources */ = {isa = PBXBuildFile; fileRef = 8EECE20125D4A00F00FE117C /* GHActionsTestTests.swift */; };
		8EECE20D25D4A00F00FE117C /* GHActionsTestUITests.swift in Sources */ = {isa = PBXBuildFile; fileRef = 8EECE20C25D4A00F00FE117C /* GHActionsTestUITests.swift */; };
		FC0877E301D4B38F7096BD50 /* Pods_GHActionsTestTests.framework in Frameworks */ = {isa = PBXBuildFile; fileRef = 39BE4529291DD11D193B47F8 /* Pods_GHActionsTestTests.framework */; };
/* End PBXBuildFile section */

/* Begin PBXContainerItemProxy section */
		8EECE1FE25D4A00F00FE117C /* PBXContainerItemProxy */ = {
			isa = PBXContainerItemProxy;
			containerPortal = 8EECE1DF25D4A00C00FE117C /* Project object */;
			proxyType = 1;
			remoteGlobalIDString = 8EECE1E625D4A00C00FE117C;
			remoteInfo = GHActionsTest;
		};
		8EECE20925D4A00F00FE117C /* PBXContainerItemProxy */ = {
			isa = PBXContainerItemProxy;
			containerPortal = 8EECE1DF25D4A00C00FE117C /* Project object */;
			proxyType = 1;
			remoteGlobalIDString = 8EECE1E625D4A00C00FE117C;
			remoteInfo = GHActionsTest;
		};
/* End PBXContainerItemProxy section */

/* Begin PBXFileReference section */
		067D4C1EE1EF43010391DC6F /* Pods-GHActionsTest.debug.xcconfig */ = {isa = PBXFileReference; includeInIndex = 1; lastKnownFileType = text.xcconfig; name = "Pods-GHActionsTest.debug.xcconfig"; path = "Target Support Files/Pods-GHActionsTest/Pods-GHActionsTest.debug.xcconfig"; sourceTree = "<group>"; };
		09BD70F1FB1773E276277410 /* Pods-GHActionsTest.release.xcconfig */ = {isa = PBXFileReference; includeInIndex = 1; lastKnownFileType = text.xcconfig; name = "Pods-GHActionsTest.release.xcconfig"; path = "Target Support Files/Pods-GHActionsTest/Pods-GHActionsTest.release.xcconfig"; sourceTree = "<group>"; };
		1268BC0BD63F7DA5D3E7F909 /* Pods-GHActionsTestUITests.debug.xcconfig */ = {isa = PBXFileReference; includeInIndex = 1; lastKnownFileType = text.xcconfig; name = "Pods-GHActionsTestUITests.debug.xcconfig"; path = "Target Support Files/Pods-GHActionsTestUITests/Pods-GHActionsTestUITests.debug.xcconfig"; sourceTree = "<group>"; };
		1FE53D1F9C4A643CB5162CEF /* Pods-GHActionsTest-GHActionsTestUITests.debug.xcconfig */ = {isa = PBXFileReference; includeInIndex = 1; lastKnownFileType = text.xcconfig; name = "Pods-GHActionsTest-GHActionsTestUITests.debug.xcconfig"; path = "Target Support Files/Pods-GHActionsTest-GHActionsTestUITests/Pods-GHActionsTest-GHActionsTestUITests.debug.xcconfig"; sourceTree = "<group>"; };
		39BE4529291DD11D193B47F8 /* Pods_GHActionsTestTests.framework */ = {isa = PBXFileReference; explicitFileType = wrapper.framework; includeInIndex = 0; path = Pods_GHActionsTestTests.framework; sourceTree = BUILT_PRODUCTS_DIR; };
		68431E8ED5CFD8783E1B7102 /* Pods_GHActionsTestUITests.framework */ = {isa = PBXFileReference; explicitFileType = wrapper.framework; includeInIndex = 0; path = Pods_GHActionsTestUITests.framework; sourceTree = BUILT_PRODUCTS_DIR; };
		6F44814D2EB24E5A22AB9859 /* Pods-GHActionsTest-GHActionsTestUITests.release.xcconfig */ = {isa = PBXFileReference; includeInIndex = 1; lastKnownFileType = text.xcconfig; name = "Pods-GHActionsTest-GHActionsTestUITests.release.xcconfig"; path = "Target Support Files/Pods-GHActionsTest-GHActionsTestUITests/Pods-GHActionsTest-GHActionsTestUITests.release.xcconfig"; sourceTree = "<group>"; };
		8EECE1E725D4A00C00FE117C /* GHActionsTest.app */ = {isa = PBXFileReference; explicitFileType = wrapper.application; includeInIndex = 0; path = GHActionsTest.app; sourceTree = BUILT_PRODUCTS_DIR; };
		8EECE1EA25D4A00C00FE117C /* AppDelegate.swift */ = {isa = PBXFileReference; lastKnownFileType = sourcecode.swift; path = AppDelegate.swift; sourceTree = "<group>"; };
		8EECE1EC25D4A00C00FE117C /* SceneDelegate.swift */ = {isa = PBXFileReference; lastKnownFileType = sourcecode.swift; path = SceneDelegate.swift; sourceTree = "<group>"; };
		8EECE1EE25D4A00C00FE117C /* ContentView.swift */ = {isa = PBXFileReference; lastKnownFileType = sourcecode.swift; path = ContentView.swift; sourceTree = "<group>"; };
		8EECE1F025D4A00F00FE117C /* Assets.xcassets */ = {isa = PBXFileReference; lastKnownFileType = folder.assetcatalog; path = Assets.xcassets; sourceTree = "<group>"; };
		8EECE1F325D4A00F00FE117C /* Preview Assets.xcassets */ = {isa = PBXFileReference; lastKnownFileType = folder.assetcatalog; path = "Preview Assets.xcassets"; sourceTree = "<group>"; };
		8EECE1F625D4A00F00FE117C /* Base */ = {isa = PBXFileReference; lastKnownFileType = file.storyboard; name = Base; path = Base.lproj/LaunchScreen.storyboard; sourceTree = "<group>"; };
		8EECE1F825D4A00F00FE117C /* Info.plist */ = {isa = PBXFileReference; lastKnownFileType = text.plist.xml; path = Info.plist; sourceTree = "<group>"; };
		8EECE1FD25D4A00F00FE117C /* GHActionsTestTests.xctest */ = {isa = PBXFileReference; explicitFileType = wrapper.cfbundle; includeInIndex = 0; path = GHActionsTestTests.xctest; sourceTree = BUILT_PRODUCTS_DIR; };
		8EECE20125D4A00F00FE117C /* GHActionsTestTests.swift */ = {isa = PBXFileReference; lastKnownFileType = sourcecode.swift; path = GHActionsTestTests.swift; sourceTree = "<group>"; };
		8EECE20325D4A00F00FE117C /* Info.plist */ = {isa = PBXFileReference; lastKnownFileType = text.plist.xml; path = Info.plist; sourceTree = "<group>"; };
		8EECE20825D4A00F00FE117C /* GHActionsTestUITests.xctest */ = {isa = PBXFileReference; explicitFileType = wrapper.cfbundle; includeInIndex = 0; path = GHActionsTestUITests.xctest; sourceTree = BUILT_PRODUCTS_DIR; };
		8EECE20C25D4A00F00FE117C /* GHActionsTestUITests.swift */ = {isa = PBXFileReference; lastKnownFileType = sourcecode.swift; path = GHActionsTestUITests.swift; sourceTree = "<group>"; };
		8EECE20E25D4A00F00FE117C /* Info.plist */ = {isa = PBXFileReference; lastKnownFileType = text.plist.xml; path = Info.plist; sourceTree = "<group>"; };
		C6E015FCE827CE58ACCF27D9 /* Pods_GHActionsTest.framework */ = {isa = PBXFileReference; explicitFileType = wrapper.framework; includeInIndex = 0; path = Pods_GHActionsTest.framework; sourceTree = BUILT_PRODUCTS_DIR; };
		C9E1EE788195824BAE128B5D /* Pods-GHActionsTestTests.release.xcconfig */ = {isa = PBXFileReference; includeInIndex = 1; lastKnownFileType = text.xcconfig; name = "Pods-GHActionsTestTests.release.xcconfig"; path = "Target Support Files/Pods-GHActionsTestTests/Pods-GHActionsTestTests.release.xcconfig"; sourceTree = "<group>"; };
		E1BFE3E70882E6755F410903 /* Pods-GHActionsTestTests.debug.xcconfig */ = {isa = PBXFileReference; includeInIndex = 1; lastKnownFileType = text.xcconfig; name = "Pods-GHActionsTestTests.debug.xcconfig"; path = "Target Support Files/Pods-GHActionsTestTests/Pods-GHActionsTestTests.debug.xcconfig"; sourceTree = "<group>"; };
		F4E1DF5408642D78CC67969E /* Pods-GHActionsTestUITests.release.xcconfig */ = {isa = PBXFileReference; includeInIndex = 1; lastKnownFileType = text.xcconfig; name = "Pods-GHActionsTestUITests.release.xcconfig"; path = "Target Support Files/Pods-GHActionsTestUITests/Pods-GHActionsTestUITests.release.xcconfig"; sourceTree = "<group>"; };
/* End PBXFileReference section */

/* Begin PBXFrameworksBuildPhase section */
		8EECE1E425D4A00C00FE117C /* Frameworks */ = {
			isa = PBXFrameworksBuildPhase;
			buildActionMask = 2147483647;
			files = (
				22A2F24E49188B4D89C4B5F2 /* Pods_GHActionsTest.framework in Frameworks */,
			);
			runOnlyForDeploymentPostprocessing = 0;
		};
		8EECE1FA25D4A00F00FE117C /* Frameworks */ = {
			isa = PBXFrameworksBuildPhase;
			buildActionMask = 2147483647;
			files = (
				FC0877E301D4B38F7096BD50 /* Pods_GHActionsTestTests.framework in Frameworks */,
			);
			runOnlyForDeploymentPostprocessing = 0;
		};
		8EECE20525D4A00F00FE117C /* Frameworks */ = {
			isa = PBXFrameworksBuildPhase;
			buildActionMask = 2147483647;
			files = (
				83D910924F7AFFEC6D489E42 /* Pods_GHActionsTestUITests.framework in Frameworks */,
			);
			runOnlyForDeploymentPostprocessing = 0;
		};
/* End PBXFrameworksBuildPhase section */

/* Begin PBXGroup section */
		22F424020EF04DCBF504EBFB /* Pods */ = {
			isa = PBXGroup;
			children = (
				067D4C1EE1EF43010391DC6F /* Pods-GHActionsTest.debug.xcconfig */,
				09BD70F1FB1773E276277410 /* Pods-GHActionsTest.release.xcconfig */,
				1FE53D1F9C4A643CB5162CEF /* Pods-GHActionsTest-GHActionsTestUITests.debug.xcconfig */,
				6F44814D2EB24E5A22AB9859 /* Pods-GHActionsTest-GHActionsTestUITests.release.xcconfig */,
				E1BFE3E70882E6755F410903 /* Pods-GHActionsTestTests.debug.xcconfig */,
				C9E1EE788195824BAE128B5D /* Pods-GHActionsTestTests.release.xcconfig */,
				1268BC0BD63F7DA5D3E7F909 /* Pods-GHActionsTestUITests.debug.xcconfig */,
				F4E1DF5408642D78CC67969E /* Pods-GHActionsTestUITests.release.xcconfig */,
			);
			path = Pods;
			sourceTree = "<group>";
		};
		8EECE1DE25D4A00C00FE117C = {
			isa = PBXGroup;
			children = (
				8EECE1E925D4A00C00FE117C /* GHActionsTest */,
				8EECE20025D4A00F00FE117C /* GHActionsTestTests */,
				8EECE20B25D4A00F00FE117C /* GHActionsTestUITests */,
				8EECE1E825D4A00C00FE117C /* Products */,
				22F424020EF04DCBF504EBFB /* Pods */,
				9FCA3865C1F700A38AA9AD21 /* Frameworks */,
			);
			sourceTree = "<group>";
		};
		8EECE1E825D4A00C00FE117C /* Products */ = {
			isa = PBXGroup;
			children = (
				8EECE1E725D4A00C00FE117C /* GHActionsTest.app */,
				8EECE1FD25D4A00F00FE117C /* GHActionsTestTests.xctest */,
				8EECE20825D4A00F00FE117C /* GHActionsTestUITests.xctest */,
			);
			name = Products;
			sourceTree = "<group>";
		};
		8EECE1E925D4A00C00FE117C /* GHActionsTest */ = {
			isa = PBXGroup;
			children = (
				8EECE1EA25D4A00C00FE117C /* AppDelegate.swift */,
				8EECE1EC25D4A00C00FE117C /* SceneDelegate.swift */,
				8EECE1EE25D4A00C00FE117C /* ContentView.swift */,
				8EECE1F025D4A00F00FE117C /* Assets.xcassets */,
				8EECE1F525D4A00F00FE117C /* LaunchScreen.storyboard */,
				8EECE1F825D4A00F00FE117C /* Info.plist */,
				8EECE1F225D4A00F00FE117C /* Preview Content */,
			);
			path = GHActionsTest;
			sourceTree = "<group>";
		};
		8EECE1F225D4A00F00FE117C /* Preview Content */ = {
			isa = PBXGroup;
			children = (
				8EECE1F325D4A00F00FE117C /* Preview Assets.xcassets */,
			);
			path = "Preview Content";
			sourceTree = "<group>";
		};
		8EECE20025D4A00F00FE117C /* GHActionsTestTests */ = {
			isa = PBXGroup;
			children = (
				8EECE20125D4A00F00FE117C /* GHActionsTestTests.swift */,
				8EECE20325D4A00F00FE117C /* Info.plist */,
			);
			path = GHActionsTestTests;
			sourceTree = "<group>";
		};
		8EECE20B25D4A00F00FE117C /* GHActionsTestUITests */ = {
			isa = PBXGroup;
			children = (
				8EECE20C25D4A00F00FE117C /* GHActionsTestUITests.swift */,
				8EECE20E25D4A00F00FE117C /* Info.plist */,
			);
			path = GHActionsTestUITests;
			sourceTree = "<group>";
		};
		9FCA3865C1F700A38AA9AD21 /* Frameworks */ = {
			isa = PBXGroup;
			children = (
				C6E015FCE827CE58ACCF27D9 /* Pods_GHActionsTest.framework */,
				39BE4529291DD11D193B47F8 /* Pods_GHActionsTestTests.framework */,
				68431E8ED5CFD8783E1B7102 /* Pods_GHActionsTestUITests.framework */,
			);
			name = Frameworks;
			sourceTree = "<group>";
		};
/* End PBXGroup section */

/* Begin PBXNativeTarget section */
		8EECE1E625D4A00C00FE117C /* GHActionsTest */ = {
			isa = PBXNativeTarget;
			buildConfigurationList = 8EECE21125D4A00F00FE117C /* Build configuration list for PBXNativeTarget "GHActionsTest" */;
			buildPhases = (
				1511719E5AD1F748CBC594F8 /* [CP] Check Pods Manifest.lock */,
				8EECE1E325D4A00C00FE117C /* Sources */,
				8EECE1E425D4A00C00FE117C /* Frameworks */,
				8EECE1E525D4A00C00FE117C /* Resources */,
				DDE5BCDCC7CE3C00096CA58D /* [CP] Embed Pods Frameworks */,
				574568483F74BA64B65656A5 /* [CP] Copy Pods Resources */,
			);
			buildRules = (
			);
			dependencies = (
			);
			name = GHActionsTest;
			productName = GHActionsTest;
			productReference = 8EECE1E725D4A00C00FE117C /* GHActionsTest.app */;
			productType = "com.apple.product-type.application";
		};
		8EECE1FC25D4A00F00FE117C /* GHActionsTestTests */ = {
			isa = PBXNativeTarget;
			buildConfigurationList = 8EECE21425D4A00F00FE117C /* Build configuration list for PBXNativeTarget "GHActionsTestTests" */;
			buildPhases = (
				3E441B847A5A39A678392B4A /* [CP] Check Pods Manifest.lock */,
				8EECE1F925D4A00F00FE117C /* Sources */,
				8EECE1FA25D4A00F00FE117C /* Frameworks */,
				8EECE1FB25D4A00F00FE117C /* Resources */,
			);
			buildRules = (
			);
			dependencies = (
				8EECE1FF25D4A00F00FE117C /* PBXTargetDependency */,
			);
			name = GHActionsTestTests;
			productName = GHActionsTestTests;
			productReference = 8EECE1FD25D4A00F00FE117C /* GHActionsTestTests.xctest */;
			productType = "com.apple.product-type.bundle.unit-test";
		};
		8EECE20725D4A00F00FE117C /* GHActionsTestUITests */ = {
			isa = PBXNativeTarget;
			buildConfigurationList = 8EECE21725D4A00F00FE117C /* Build configuration list for PBXNativeTarget "GHActionsTestUITests" */;
			buildPhases = (
				1F9A9E4E99C0C371C29B554A /* [CP] Check Pods Manifest.lock */,
				8EECE20425D4A00F00FE117C /* Sources */,
				8EECE20525D4A00F00FE117C /* Frameworks */,
				8EECE20625D4A00F00FE117C /* Resources */,
			);
			buildRules = (
			);
			dependencies = (
				8EECE20A25D4A00F00FE117C /* PBXTargetDependency */,
			);
			name = GHActionsTestUITests;
			productName = GHActionsTestUITests;
			productReference = 8EECE20825D4A00F00FE117C /* GHActionsTestUITests.xctest */;
			productType = "com.apple.product-type.bundle.ui-testing";
		};
/* End PBXNativeTarget section */

/* Begin PBXProject section */
		8EECE1DF25D4A00C00FE117C /* Project object */ = {
			isa = PBXProject;
			attributes = {
				LastSwiftUpdateCheck = 1240;
				LastUpgradeCheck = 1240;
				TargetAttributes = {
					8EECE1E625D4A00C00FE117C = {
						CreatedOnToolsVersion = 12.4;
					};
					8EECE1FC25D4A00F00FE117C = {
						CreatedOnToolsVersion = 12.4;
						TestTargetID = 8EECE1E625D4A00C00FE117C;
					};
					8EECE20725D4A00F00FE117C = {
						CreatedOnToolsVersion = 12.4;
						TestTargetID = 8EECE1E625D4A00C00FE117C;
					};
				};
			};
			buildConfigurationList = 8EECE1E225D4A00C00FE117C /* Build configuration list for PBXProject "GHActionsTest" */;
			compatibilityVersion = "Xcode 9.3";
			developmentRegion = en;
			hasScannedForEncodings = 0;
			knownRegions = (
				en,
				Base,
			);
			mainGroup = 8EECE1DE25D4A00C00FE117C;
			productRefGroup = 8EECE1E825D4A00C00FE117C /* Products */;
			projectDirPath = "";
			projectRoot = "";
			targets = (
				8EECE1E625D4A00C00FE117C /* GHActionsTest */,
				8EECE1FC25D4A00F00FE117C /* GHActionsTestTests */,
				8EECE20725D4A00F00FE117C /* GHActionsTestUITests */,
			);
		};
/* End PBXProject section */

/* Begin PBXResourcesBuildPhase section */
		8EECE1E525D4A00C00FE117C /* Resources */ = {
			isa = PBXResourcesBuildPhase;
			buildActionMask = 2147483647;
			files = (
				8EECE1F725D4A00F00FE117C /* LaunchScreen.storyboard in Resources */,
				8EECE1F425D4A00F00FE117C /* Preview Assets.xcassets in Resources */,
				8EECE1F125D4A00F00FE117C /* Assets.xcassets in Resources */,
			);
			runOnlyForDeploymentPostprocessing = 0;
		};
		8EECE1FB25D4A00F00FE117C /* Resources */ = {
			isa = PBXResourcesBuildPhase;
			buildActionMask = 2147483647;
			files = (
			);
			runOnlyForDeploymentPostprocessing = 0;
		};
		8EECE20625D4A00F00FE117C /* Resources */ = {
			isa = PBXResourcesBuildPhase;
			buildActionMask = 2147483647;
			files = (
			);
			runOnlyForDeploymentPostprocessing = 0;
		};
/* End PBXResourcesBuildPhase section */

/* Begin PBXShellScriptBuildPhase section */
		1511719E5AD1F748CBC594F8 /* [CP] Check Pods Manifest.lock */ = {
			isa = PBXShellScriptBuildPhase;
			buildActionMask = 2147483647;
			files = (
			);
			inputFileListPaths = (
			);
			inputPaths = (
				"${PODS_PODFILE_DIR_PATH}/Podfile.lock",
				"${PODS_ROOT}/Manifest.lock",
			);
			name = "[CP] Check Pods Manifest.lock";
			outputFileListPaths = (
			);
			outputPaths = (
				"$(DERIVED_FILE_DIR)/Pods-GHActionsTest-checkManifestLockResult.txt",
			);
			runOnlyForDeploymentPostprocessing = 0;
			shellPath = /bin/sh;
			shellScript = "diff \"${PODS_PODFILE_DIR_PATH}/Podfile.lock\" \"${PODS_ROOT}/Manifest.lock\" > /dev/null\nif [ $? != 0 ] ; then\n    # print error to STDERR\n    echo \"error: The sandbox is not in sync with the Podfile.lock. Run 'pod install' or update your CocoaPods installation.\" >&2\n    exit 1\nfi\n# This output is used by Xcode 'outputs' to avoid re-running this script phase.\necho \"SUCCESS\" > \"${SCRIPT_OUTPUT_FILE_0}\"\n";
			showEnvVarsInLog = 0;
		};
		1F9A9E4E99C0C371C29B554A /* [CP] Check Pods Manifest.lock */ = {
			isa = PBXShellScriptBuildPhase;
			buildActionMask = 2147483647;
			files = (
			);
			inputFileListPaths = (
			);
			inputPaths = (
				"${PODS_PODFILE_DIR_PATH}/Podfile.lock",
				"${PODS_ROOT}/Manifest.lock",
			);
			name = "[CP] Check Pods Manifest.lock";
			outputFileListPaths = (
			);
			outputPaths = (
				"$(DERIVED_FILE_DIR)/Pods-GHActionsTestUITests-checkManifestLockResult.txt",
			);
			runOnlyForDeploymentPostprocessing = 0;
			shellPath = /bin/sh;
			shellScript = "diff \"${PODS_PODFILE_DIR_PATH}/Podfile.lock\" \"${PODS_ROOT}/Manifest.lock\" > /dev/null\nif [ $? != 0 ] ; then\n    # print error to STDERR\n    echo \"error: The sandbox is not in sync with the Podfile.lock. Run 'pod install' or update your CocoaPods installation.\" >&2\n    exit 1\nfi\n# This output is used by Xcode 'outputs' to avoid re-running this script phase.\necho \"SUCCESS\" > \"${SCRIPT_OUTPUT_FILE_0}\"\n";
			showEnvVarsInLog = 0;
		};
		3E441B847A5A39A678392B4A /* [CP] Check Pods Manifest.lock */ = {
			isa = PBXShellScriptBuildPhase;
			buildActionMask = 2147483647;
			files = (
			);
			inputFileListPaths = (
			);
			inputPaths = (
				"${PODS_PODFILE_DIR_PATH}/Podfile.lock",
				"${PODS_ROOT}/Manifest.lock",
			);
			name = "[CP] Check Pods Manifest.lock";
			outputFileListPaths = (
			);
			outputPaths = (
				"$(DERIVED_FILE_DIR)/Pods-GHActionsTestTests-checkManifestLockResult.txt",
			);
			runOnlyForDeploymentPostprocessing = 0;
			shellPath = /bin/sh;
			shellScript = "diff \"${PODS_PODFILE_DIR_PATH}/Podfile.lock\" \"${PODS_ROOT}/Manifest.lock\" > /dev/null\nif [ $? != 0 ] ; then\n    # print error to STDERR\n    echo \"error: The sandbox is not in sync with the Podfile.lock. Run 'pod install' or update your CocoaPods installation.\" >&2\n    exit 1\nfi\n# This output is used by Xcode 'outputs' to avoid re-running this script phase.\necho \"SUCCESS\" > \"${SCRIPT_OUTPUT_FILE_0}\"\n";
			showEnvVarsInLog = 0;
		};
		574568483F74BA64B65656A5 /* [CP] Copy Pods Resources */ = {
			isa = PBXShellScriptBuildPhase;
			buildActionMask = 2147483647;
			files = (
			);
			inputFileListPaths = (
				"${PODS_ROOT}/Target Support Files/Pods-GHActionsTest/Pods-GHActionsTest-resources-${CONFIGURATION}-input-files.xcfilelist",
			);
			name = "[CP] Copy Pods Resources";
			outputFileListPaths = (
				"${PODS_ROOT}/Target Support Files/Pods-GHActionsTest/Pods-GHActionsTest-resources-${CONFIGURATION}-output-files.xcfilelist",
			);
			runOnlyForDeploymentPostprocessing = 0;
			shellPath = /bin/sh;
			shellScript = "\"${PODS_ROOT}/Target Support Files/Pods-GHActionsTest/Pods-GHActionsTest-resources.sh\"\n";
			showEnvVarsInLog = 0;
		};
		DDE5BCDCC7CE3C00096CA58D /* [CP] Embed Pods Frameworks */ = {
			isa = PBXShellScriptBuildPhase;
			buildActionMask = 2147483647;
			files = (
			);
			inputFileListPaths = (
				"${PODS_ROOT}/Target Support Files/Pods-GHActionsTest/Pods-GHActionsTest-frameworks-${CONFIGURATION}-input-files.xcfilelist",
			);
			name = "[CP] Embed Pods Frameworks";
			outputFileListPaths = (
				"${PODS_ROOT}/Target Support Files/Pods-GHActionsTest/Pods-GHActionsTest-frameworks-${CONFIGURATION}-output-files.xcfilelist",
			);
			runOnlyForDeploymentPostprocessing = 0;
			shellPath = /bin/sh;
			shellScript = "\"${PODS_ROOT}/Target Support Files/Pods-GHActionsTest/Pods-GHActionsTest-frameworks.sh\"\n";
			showEnvVarsInLog = 0;
		};
/* End PBXShellScriptBuildPhase section */

/* Begin PBXSourcesBuildPhase section */
		8EECE1E325D4A00C00FE117C /* Sources */ = {
			isa = PBXSourcesBuildPhase;
			buildActionMask = 2147483647;
			files = (
				8EECE1EB25D4A00C00FE117C /* AppDelegate.swift in Sources */,
				8EECE1ED25D4A00C00FE117C /* SceneDelegate.swift in Sources */,
				8EECE1EF25D4A00C00FE117C /* ContentView.swift in Sources */,
			);
			runOnlyForDeploymentPostprocessing = 0;
		};
		8EECE1F925D4A00F00FE117C /* Sources */ = {
			isa = PBXSourcesBuildPhase;
			buildActionMask = 2147483647;
			files = (
				8EECE20225D4A00F00FE117C /* GHActionsTestTests.swift in Sources */,
			);
			runOnlyForDeploymentPostprocessing = 0;
		};
		8EECE20425D4A00F00FE117C /* Sources */ = {
			isa = PBXSourcesBuildPhase;
			buildActionMask = 2147483647;
			files = (
				8EECE20D25D4A00F00FE117C /* GHActionsTestUITests.swift in Sources */,
			);
			runOnlyForDeploymentPostprocessing = 0;
		};
/* End PBXSourcesBuildPhase section */

/* Begin PBXTargetDependency section */
		8EECE1FF25D4A00F00FE117C /* PBXTargetDependency */ = {
			isa = PBXTargetDependency;
			target = 8EECE1E625D4A00C00FE117C /* GHActionsTest */;
			targetProxy = 8EECE1FE25D4A00F00FE117C /* PBXContainerItemProxy */;
		};
		8EECE20A25D4A00F00FE117C /* PBXTargetDependency */ = {
			isa = PBXTargetDependency;
			target = 8EECE1E625D4A00C00FE117C /* GHActionsTest */;
			targetProxy = 8EECE20925D4A00F00FE117C /* PBXContainerItemProxy */;
		};
/* End PBXTargetDependency section */

/* Begin PBXVariantGroup section */
		8EECE1F525D4A00F00FE117C /* LaunchScreen.storyboard */ = {
			isa = PBXVariantGroup;
			children = (
				8EECE1F625D4A00F00FE117C /* Base */,
			);
			name = LaunchScreen.storyboard;
			sourceTree = "<group>";
		};
/* End PBXVariantGroup section */

/* Begin XCBuildConfiguration section */
		8EECE20F25D4A00F00FE117C /* Debug */ = {
			isa = XCBuildConfiguration;
			buildSettings = {
				ALWAYS_SEARCH_USER_PATHS = NO;
				CLANG_ANALYZER_NONNULL = YES;
				CLANG_ANALYZER_NUMBER_OBJECT_CONVERSION = YES_AGGRESSIVE;
				CLANG_CXX_LANGUAGE_STANDARD = "gnu++14";
				CLANG_CXX_LIBRARY = "libc++";
				CLANG_ENABLE_MODULES = YES;
				CLANG_ENABLE_OBJC_ARC = YES;
				CLANG_ENABLE_OBJC_WEAK = YES;
				CLANG_WARN_BLOCK_CAPTURE_AUTORELEASING = YES;
				CLANG_WARN_BOOL_CONVERSION = YES;
				CLANG_WARN_COMMA = YES;
				CLANG_WARN_CONSTANT_CONVERSION = YES;
				CLANG_WARN_DEPRECATED_OBJC_IMPLEMENTATIONS = YES;
				CLANG_WARN_DIRECT_OBJC_ISA_USAGE = YES_ERROR;
				CLANG_WARN_DOCUMENTATION_COMMENTS = YES;
				CLANG_WARN_EMPTY_BODY = YES;
				CLANG_WARN_ENUM_CONVERSION = YES;
				CLANG_WARN_INFINITE_RECURSION = YES;
				CLANG_WARN_INT_CONVERSION = YES;
				CLANG_WARN_NON_LITERAL_NULL_CONVERSION = YES;
				CLANG_WARN_OBJC_IMPLICIT_RETAIN_SELF = YES;
				CLANG_WARN_OBJC_LITERAL_CONVERSION = YES;
				CLANG_WARN_OBJC_ROOT_CLASS = YES_ERROR;
				CLANG_WARN_QUOTED_INCLUDE_IN_FRAMEWORK_HEADER = YES;
				CLANG_WARN_RANGE_LOOP_ANALYSIS = YES;
				CLANG_WARN_STRICT_PROTOTYPES = YES;
				CLANG_WARN_SUSPICIOUS_MOVE = YES;
				CLANG_WARN_UNGUARDED_AVAILABILITY = YES_AGGRESSIVE;
				CLANG_WARN_UNREACHABLE_CODE = YES;
				CLANG_WARN__DUPLICATE_METHOD_MATCH = YES;
				COPY_PHASE_STRIP = NO;
				DEBUG_INFORMATION_FORMAT = dwarf;
				ENABLE_STRICT_OBJC_MSGSEND = YES;
				ENABLE_TESTABILITY = YES;
				GCC_C_LANGUAGE_STANDARD = gnu11;
				GCC_DYNAMIC_NO_PIC = NO;
				GCC_NO_COMMON_BLOCKS = YES;
				GCC_OPTIMIZATION_LEVEL = 0;
				GCC_PREPROCESSOR_DEFINITIONS = (
					"DEBUG=1",
					"$(inherited)",
				);
				GCC_WARN_64_TO_32_BIT_CONVERSION = YES;
				GCC_WARN_ABOUT_RETURN_TYPE = YES_ERROR;
				GCC_WARN_UNDECLARED_SELECTOR = YES;
				GCC_WARN_UNINITIALIZED_AUTOS = YES_AGGRESSIVE;
				GCC_WARN_UNUSED_FUNCTION = YES;
				GCC_WARN_UNUSED_VARIABLE = YES;
				IPHONEOS_DEPLOYMENT_TARGET = 13.0;
				MTL_ENABLE_DEBUG_INFO = INCLUDE_SOURCE;
				MTL_FAST_MATH = YES;
				ONLY_ACTIVE_ARCH = YES;
				SDKROOT = iphoneos;
				SWIFT_ACTIVE_COMPILATION_CONDITIONS = DEBUG;
				SWIFT_OPTIMIZATION_LEVEL = "-Onone";
			};
			name = Debug;
		};
		8EECE21025D4A00F00FE117C /* Release */ = {
			isa = XCBuildConfiguration;
			buildSettings = {
				ALWAYS_SEARCH_USER_PATHS = NO;
				CLANG_ANALYZER_NONNULL = YES;
				CLANG_ANALYZER_NUMBER_OBJECT_CONVERSION = YES_AGGRESSIVE;
				CLANG_CXX_LANGUAGE_STANDARD = "gnu++14";
				CLANG_CXX_LIBRARY = "libc++";
				CLANG_ENABLE_MODULES = YES;
				CLANG_ENABLE_OBJC_ARC = YES;
				CLANG_ENABLE_OBJC_WEAK = YES;
				CLANG_WARN_BLOCK_CAPTURE_AUTORELEASING = YES;
				CLANG_WARN_BOOL_CONVERSION = YES;
				CLANG_WARN_COMMA = YES;
				CLANG_WARN_CONSTANT_CONVERSION = YES;
				CLANG_WARN_DEPRECATED_OBJC_IMPLEMENTATIONS = YES;
				CLANG_WARN_DIRECT_OBJC_ISA_USAGE = YES_ERROR;
				CLANG_WARN_DOCUMENTATION_COMMENTS = YES;
				CLANG_WARN_EMPTY_BODY = YES;
				CLANG_WARN_ENUM_CONVERSION = YES;
				CLANG_WARN_INFINITE_RECURSION = YES;
				CLANG_WARN_INT_CONVERSION = YES;
				CLANG_WARN_NON_LITERAL_NULL_CONVERSION = YES;
				CLANG_WARN_OBJC_IMPLICIT_RETAIN_SELF = YES;
				CLANG_WARN_OBJC_LITERAL_CONVERSION = YES;
				CLANG_WARN_OBJC_ROOT_CLASS = YES_ERROR;
				CLANG_WARN_QUOTED_INCLUDE_IN_FRAMEWORK_HEADER = YES;
				CLANG_WARN_RANGE_LOOP_ANALYSIS = YES;
				CLANG_WARN_STRICT_PROTOTYPES = YES;
				CLANG_WARN_SUSPICIOUS_MOVE = YES;
				CLANG_WARN_UNGUARDED_AVAILABILITY = YES_AGGRESSIVE;
				CLANG_WARN_UNREACHABLE_CODE = YES;
				CLANG_WARN__DUPLICATE_METHOD_MATCH = YES;
				COPY_PHASE_STRIP = NO;
				DEBUG_INFORMATION_FORMAT = "dwarf-with-dsym";
				ENABLE_NS_ASSERTIONS = NO;
				ENABLE_STRICT_OBJC_MSGSEND = YES;
				GCC_C_LANGUAGE_STANDARD = gnu11;
				GCC_NO_COMMON_BLOCKS = YES;
				GCC_WARN_64_TO_32_BIT_CONVERSION = YES;
				GCC_WARN_ABOUT_RETURN_TYPE = YES_ERROR;
				GCC_WARN_UNDECLARED_SELECTOR = YES;
				GCC_WARN_UNINITIALIZED_AUTOS = YES_AGGRESSIVE;
				GCC_WARN_UNUSED_FUNCTION = YES;
				GCC_WARN_UNUSED_VARIABLE = YES;
				IPHONEOS_DEPLOYMENT_TARGET = 13.0;
				MTL_ENABLE_DEBUG_INFO = NO;
				MTL_FAST_MATH = YES;
				SDKROOT = iphoneos;
				SWIFT_COMPILATION_MODE = wholemodule;
				SWIFT_OPTIMIZATION_LEVEL = "-O";
				VALIDATE_PRODUCT = YES;
			};
			name = Release;
		};
		8EECE21225D4A00F00FE117C /* Debug */ = {
			isa = XCBuildConfiguration;
			baseConfigurationReference = 067D4C1EE1EF43010391DC6F /* Pods-GHActionsTest.debug.xcconfig */;
			buildSettings = {
				ASSETCATALOG_COMPILER_APPICON_NAME = AppIcon;
				ASSETCATALOG_COMPILER_GLOBAL_ACCENT_COLOR_NAME = AccentColor;
				CODE_SIGN_STYLE = Automatic;
				DEVELOPMENT_ASSET_PATHS = "\"GHActionsTest/Preview Content\"";
				DEVELOPMENT_TEAM = 4JQ972YWZS;
				ENABLE_PREVIEWS = YES;
				INFOPLIST_FILE = GHActionsTest/Info.plist;
				LD_RUNPATH_SEARCH_PATHS = (
					"$(inherited)",
					"@executable_path/Frameworks",
				);
				PRODUCT_BUNDLE_IDENTIFIER = com.arae.GHActionsTest;
				PRODUCT_NAME = "$(TARGET_NAME)";
				SWIFT_VERSION = 5.0;
				TARGETED_DEVICE_FAMILY = 1;
			};
			name = Debug;
		};
		8EECE21325D4A00F00FE117C /* Release */ = {
			isa = XCBuildConfiguration;
			baseConfigurationReference = 09BD70F1FB1773E276277410 /* Pods-GHActionsTest.release.xcconfig */;
			buildSettings = {
				ASSETCATALOG_COMPILER_APPICON_NAME = AppIcon;
				ASSETCATALOG_COMPILER_GLOBAL_ACCENT_COLOR_NAME = AccentColor;
				CODE_SIGN_STYLE = Automatic;
				DEVELOPMENT_ASSET_PATHS = "\"GHActionsTest/Preview Content\"";
				DEVELOPMENT_TEAM = 4JQ972YWZS;
				ENABLE_PREVIEWS = YES;
				INFOPLIST_FILE = GHActionsTest/Info.plist;
				LD_RUNPATH_SEARCH_PATHS = (
					"$(inherited)",
					"@executable_path/Frameworks",
				);
				PRODUCT_BUNDLE_IDENTIFIER = com.arae.GHActionsTest;
				PRODUCT_NAME = "$(TARGET_NAME)";
				SWIFT_VERSION = 5.0;
				TARGETED_DEVICE_FAMILY = 1;
			};
			name = Release;
		};
		8EECE21525D4A00F00FE117C /* Debug */ = {
			isa = XCBuildConfiguration;
			baseConfigurationReference = E1BFE3E70882E6755F410903 /* Pods-GHActionsTestTests.debug.xcconfig */;
			buildSettings = {
				ALWAYS_EMBED_SWIFT_STANDARD_LIBRARIES = YES;
				BUNDLE_LOADER = "$(TEST_HOST)";
				CODE_SIGN_STYLE = Automatic;
				DEVELOPMENT_TEAM = 4JQ972YWZS;
				INFOPLIST_FILE = GHActionsTestTests/Info.plist;
				IPHONEOS_DEPLOYMENT_TARGET = 14.4;
				LD_RUNPATH_SEARCH_PATHS = (
					"$(inherited)",
					"@executable_path/Frameworks",
					"@loader_path/Frameworks",
				);
				PRODUCT_BUNDLE_IDENTIFIER = "com.arae.gh-actions-test.GHActionsTestTests";
				PRODUCT_NAME = "$(TARGET_NAME)";
				SWIFT_VERSION = 5.0;
				TARGETED_DEVICE_FAMILY = "1,2";
				TEST_HOST = "$(BUILT_PRODUCTS_DIR)/GHActionsTest.app/GHActionsTest";
			};
			name = Debug;
		};
		8EECE21625D4A00F00FE117C /* Release */ = {
			isa = XCBuildConfiguration;
			baseConfigurationReference = C9E1EE788195824BAE128B5D /* Pods-GHActionsTestTests.release.xcconfig */;
			buildSettings = {
				ALWAYS_EMBED_SWIFT_STANDARD_LIBRARIES = YES;
				BUNDLE_LOADER = "$(TEST_HOST)";
				CODE_SIGN_STYLE = Automatic;
				DEVELOPMENT_TEAM = 4JQ972YWZS;
				INFOPLIST_FILE = GHActionsTestTests/Info.plist;
				IPHONEOS_DEPLOYMENT_TARGET = 14.4;
				LD_RUNPATH_SEARCH_PATHS = (
					"$(inherited)",
					"@executable_path/Frameworks",
					"@loader_path/Frameworks",
				);
				PRODUCT_BUNDLE_IDENTIFIER = "com.arae.gh-actions-test.GHActionsTestTests";
				PRODUCT_NAME = "$(TARGET_NAME)";
				SWIFT_VERSION = 5.0;
				TARGETED_DEVICE_FAMILY = "1,2";
				TEST_HOST = "$(BUILT_PRODUCTS_DIR)/GHActionsTest.app/GHActionsTest";
			};
			name = Release;
		};
		8EECE21825D4A00F00FE117C /* Debug */ = {
			isa = XCBuildConfiguration;
			baseConfigurationReference = 1268BC0BD63F7DA5D3E7F909 /* Pods-GHActionsTestUITests.debug.xcconfig */;
			buildSettings = {
				ALWAYS_EMBED_SWIFT_STANDARD_LIBRARIES = YES;
				CODE_SIGN_STYLE = Automatic;
				DEVELOPMENT_TEAM = 4JQ972YWZS;
				INFOPLIST_FILE = GHActionsTestUITests/Info.plist;
				LD_RUNPATH_SEARCH_PATHS = (
					"$(inherited)",
					"@executable_path/Frameworks",
					"@loader_path/Frameworks",
				);
				PRODUCT_BUNDLE_IDENTIFIER = "com.arae.gh-actions-test.GHActionsTestUITests";
				PRODUCT_NAME = "$(TARGET_NAME)";
				SWIFT_VERSION = 5.0;
				TARGETED_DEVICE_FAMILY = "1,2";
				TEST_TARGET_NAME = GHActionsTest;
			};
			name = Debug;
		};
		8EECE21925D4A00F00FE117C /* Release */ = {
			isa = XCBuildConfiguration;
			baseConfigurationReference = F4E1DF5408642D78CC67969E /* Pods-GHActionsTestUITests.release.xcconfig */;
			buildSettings = {
				ALWAYS_EMBED_SWIFT_STANDARD_LIBRARIES = YES;
				CODE_SIGN_STYLE = Automatic;
				DEVELOPMENT_TEAM = 4JQ972YWZS;
				INFOPLIST_FILE = GHActionsTestUITests/Info.plist;
				LD_RUNPATH_SEARCH_PATHS = (
					"$(inherited)",
					"@executable_path/Frameworks",
					"@loader_path/Frameworks",
				);
				PRODUCT_BUNDLE_IDENTIFIER = "com.arae.gh-actions-test.GHActionsTestUITests";
				PRODUCT_NAME = "$(TARGET_NAME)";
				SWIFT_VERSION = 5.0;
				TARGETED_DEVICE_FAMILY = "1,2";
				TEST_TARGET_NAME = GHActionsTest;
			};
			name = Release;
		};
/* End XCBuildConfiguration section */

/* Begin XCConfigurationList section */
		8EECE1E225D4A00C00FE117C /* Build configuration list for PBXProject "GHActionsTest" */ = {
			isa = XCConfigurationList;
			buildConfigurations = (
				8EECE20F25D4A00F00FE117C /* Debug */,
				8EECE21025D4A00F00FE117C /* Release */,
			);
			defaultConfigurationIsVisible = 0;
			defaultConfigurationName = Release;
		};
		8EECE21125D4A00F00FE117C /* Build configuration list for PBXNativeTarget "GHActionsTest" */ = {
			isa = XCConfigurationList;
			buildConfigurations = (
				8EECE21225D4A00F00FE117C /* Debug */,
				8EECE21325D4A00F00FE117C /* Release */,
			);
			defaultConfigurationIsVisible = 0;
			defaultConfigurationName = Release;
		};
		8EECE21425D4A00F00FE117C /* Build configuration list for PBXNativeTarget "GHActionsTestTests" */ = {
			isa = XCConfigurationList;
			buildConfigurations = (
				8EECE21525D4A00F00FE117C /* Debug */,
				8EECE21625D4A00F00FE117C /* Release */,
			);
			defaultConfigurationIsVisible = 0;
			defaultConfigurationName = Release;
		};
		8EECE21725D4A00F00FE117C /* Build configuration list for PBXNativeTarget "GHActionsTestUITests" */ = {
			isa = XCConfigurationList;
			buildConfigurations = (
				8EECE21825D4A00F00FE117C /* Debug */,
				8EECE21925D4A00F00FE117C /* Release */,
			);
			defaultConfigurationIsVisible = 0;
			defaultConfigurationName = Release;
		};
/* End XCConfigurationList section */
	};
	rootObject = 8EECE1DF25D4A00C00FE117C /* Project object */;
}
